
Microsoft Visual Studio Solution File, Format Version 12.00
Project("{FAE04EC0-301F-11D3-BF4B-00C04F79EFBC}") = "POS", "POS\POS.csproj", "{FA0D9330-48BD-4A03-908E-2814D52551EC}"
EndProject
Project("{FAE04EC0-301F-11D3-BF4B-00C04F79EFBC}") = "Domain", "Domain\Domain.csproj", "{4358F026-4DF1-4C22-A522-65257B8A8162}"
EndProject
Project("{FAE04EC0-301F-11D3-BF4B-00C04F79EFBC}") = "Application", "Application\Application.csproj", "{1A6B724A-73C9-463D-B23B-4D9F641D60EF}"
EndProject
Project("{FAE04EC0-301F-11D3-BF4B-00C04F79EFBC}") = "Infrastructure", "Infrastructure\Infrastructure.csproj", "{7C675D3E-B5F5-4B82-9141-4965FE71B0A1}"
EndProject
Project("{FAE04EC0-301F-11D3-BF4B-00C04F79EFBC}") = "API", "API\API.csproj", "{786EA32D-4736-4C1E-9E6E-4E522D48BA19}"
EndProject
Project("{FAE04EC0-301F-11D3-BF4B-00C04F79EFBC}") = "Tests", "Tests\Tests.csproj", "{3CAC51A7-EF1D-4E6C-B54C-6D7690E91EC5}"
EndProject
Project("{2150E333-8FDC-42A3-9474-1A3956D46DE8}") = "Solution Items", "Solution Items", "{74DC2906-CBA2-44E5-8556-4E4FAF624BB7}"
	ProjectSection(SolutionItems) = preProject
		compose.yaml = compose.yaml
	EndProjectSection
EndProject
Global
	GlobalSection(SolutionConfigurationPlatforms) = preSolution
		Debug|Any CPU = Debug|Any CPU
		Release|Any CPU = Release|Any CPU
	EndGlobalSection
	GlobalSection(ProjectConfigurationPlatforms) = postSolution
		{FA0D9330-48BD-4A03-908E-2814D52551EC}.Debug|Any CPU.ActiveCfg = Debug|Any CPU
		{FA0D9330-48BD-4A03-908E-2814D52551EC}.Debug|Any CPU.Build.0 = Debug|Any CPU
		{FA0D9330-48BD-4A03-908E-2814D52551EC}.Release|Any CPU.ActiveCfg = Release|Any CPU
		{FA0D9330-48BD-4A03-908E-2814D52551EC}.Release|Any CPU.Build.0 = Release|Any CPU
		{4358F026-4DF1-4C22-A522-65257B8A8162}.Debug|Any CPU.ActiveCfg = Debug|Any CPU
		{4358F026-4DF1-4C22-A522-65257B8A8162}.Debug|Any CPU.Build.0 = Debug|Any CPU
		{4358F026-4DF1-4C22-A522-65257B8A8162}.Release|Any CPU.ActiveCfg = Release|Any CPU
		{4358F026-4DF1-4C22-A522-65257B8A8162}.Release|Any CPU.Build.0 = Release|Any CPU
		{1A6B724A-73C9-463D-B23B-4D9F641D60EF}.Debug|Any CPU.ActiveCfg = Debug|Any CPU
		{1A6B724A-73C9-463D-B23B-4D9F641D60EF}.Debug|Any CPU.Build.0 = Debug|Any CPU
		{1A6B724A-73C9-463D-B23B-4D9F641D60EF}.Release|Any CPU.ActiveCfg = Release|Any CPU
		{1A6B724A-73C9-463D-B23B-4D9F641D60EF}.Release|Any CPU.Build.0 = Release|Any CPU
		{7C675D3E-B5F5-4B82-9141-4965FE71B0A1}.Debug|Any CPU.ActiveCfg = Debug|Any CPU
		{7C675D3E-B5F5-4B82-9141-4965FE71B0A1}.Debug|Any CPU.Build.0 = Debug|Any CPU
		{7C675D3E-B5F5-4B82-9141-4965FE71B0A1}.Release|Any CPU.ActiveCfg = Release|Any CPU
		{7C675D3E-B5F5-4B82-9141-4965FE71B0A1}.Release|Any CPU.Build.0 = Release|Any CPU
		{786EA32D-4736-4C1E-9E6E-4E522D48BA19}.Debug|Any CPU.ActiveCfg = Debug|Any CPU
		{786EA32D-4736-4C1E-9E6E-4E522D48BA19}.Debug|Any CPU.Build.0 = Debug|Any CPU
		{786EA32D-4736-4C1E-9E6E-4E522D48BA19}.Release|Any CPU.ActiveCfg = Release|Any CPU
		{786EA32D-4736-4C1E-9E6E-4E522D48BA19}.Release|Any CPU.Build.0 = Release|Any CPU
		{3CAC51A7-EF1D-4E6C-B54C-6D7690E91EC5}.Debug|Any CPU.ActiveCfg = Debug|Any CPU
		{3CAC51A7-EF1D-4E6C-B54C-6D7690E91EC5}.Debug|Any CPU.Build.0 = Debug|Any CPU
		{3CAC51A7-EF1D-4E6C-B54C-6D7690E91EC5}.Release|Any CPU.ActiveCfg = Release|Any CPU
		{3CAC51A7-EF1D-4E6C-B54C-6D7690E91EC5}.Release|Any CPU.Build.0 = Release|Any CPU
	EndGlobalSection
EndGlobal
